
Microsoft Visual Studio Solution File, Format Version 12.00
# Visual Studio Version 17
VisualStudioVersion = 17.0.32014.148
MinimumVisualStudioVersion = 10.0.40219.1
Project("{9A19103F-16F7-4668-BE54-9A1E7A4F7556}") = "SdvCode.Web", "SdvCode.Web\SdvCode.Web.csproj", "{7D83C2F7-1574-4BC7-B440-04C06443802A}"
EndProject
Project("{FAE04EC0-301F-11D3-BF4B-00C04F79EFBC}") = "SdvCode.Services", "SdvCode.Services\SdvCode.Services.csproj", "{FC6771A0-D061-46BC-9AEA-AB6B34BF7820}"
EndProject
Project("{FAE04EC0-301F-11D3-BF4B-00C04F79EFBC}") = "SdvCode.Models", "SdvCode.Models\SdvCode.Models.csproj", "{0174CEDF-6ECF-45CF-A0A5-36117D3B6E0F}"
EndProject
Project("{FAE04EC0-301F-11D3-BF4B-00C04F79EFBC}") = "SdvCode.ViewModels", "SdvCode.ViewModels\SdvCode.ViewModels.csproj", "{C4AD7B1D-1C06-456E-9A6A-2E9839C83B33}"
EndProject
Project("{FAE04EC0-301F-11D3-BF4B-00C04F79EFBC}") = "SdvCode.Constraints", "SdvCode.Constraints\SdvCode.Constraints.csproj", "{22CB202D-5254-48C8-B58B-14E0BF0CF496}"
EndProject
Global
	GlobalSection(SolutionConfigurationPlatforms) = preSolution
		Debug|Any CPU = Debug|Any CPU
		Release|Any CPU = Release|Any CPU
	EndGlobalSection
	GlobalSection(ProjectConfigurationPlatforms) = postSolution
		{7D83C2F7-1574-4BC7-B440-04C06443802A}.Debug|Any CPU.ActiveCfg = Debug|Any CPU
		{7D83C2F7-1574-4BC7-B440-04C06443802A}.Debug|Any CPU.Build.0 = Debug|Any CPU
		{7D83C2F7-1574-4BC7-B440-04C06443802A}.Release|Any CPU.ActiveCfg = Release|Any CPU
		{7D83C2F7-1574-4BC7-B440-04C06443802A}.Release|Any CPU.Build.0 = Release|Any CPU
		{FC6771A0-D061-46BC-9AEA-AB6B34BF7820}.Debug|Any CPU.ActiveCfg = Debug|Any CPU
		{FC6771A0-D061-46BC-9AEA-AB6B34BF7820}.Debug|Any CPU.Build.0 = Debug|Any CPU
		{FC6771A0-D061-46BC-9AEA-AB6B34BF7820}.Release|Any CPU.ActiveCfg = Release|Any CPU
		{FC6771A0-D061-46BC-9AEA-AB6B34BF7820}.Release|Any CPU.Build.0 = Release|Any CPU
		{0174CEDF-6ECF-45CF-A0A5-36117D3B6E0F}.Debug|Any CPU.ActiveCfg = Debug|Any CPU
		{0174CEDF-6ECF-45CF-A0A5-36117D3B6E0F}.Debug|Any CPU.Build.0 = Debug|Any CPU
		{0174CEDF-6ECF-45CF-A0A5-36117D3B6E0F}.Release|Any CPU.ActiveCfg = Release|Any CPU
		{0174CEDF-6ECF-45CF-A0A5-36117D3B6E0F}.Release|Any CPU.Build.0 = Release|Any CPU
		{C4AD7B1D-1C06-456E-9A6A-2E9839C83B33}.Debug|Any CPU.ActiveCfg = Debug|Any CPU
		{C4AD7B1D-1C06-456E-9A6A-2E9839C83B33}.Debug|Any CPU.Build.0 = Debug|Any CPU
		{C4AD7B1D-1C06-456E-9A6A-2E9839C83B33}.Release|Any CPU.ActiveCfg = Release|Any CPU
		{C4AD7B1D-1C06-456E-9A6A-2E9839C83B33}.Release|Any CPU.Build.0 = Release|Any CPU
		{22CB202D-5254-48C8-B58B-14E0BF0CF496}.Debug|Any CPU.ActiveCfg = Debug|Any CPU
		{22CB202D-5254-48C8-B58B-14E0BF0CF496}.Debug|Any CPU.Build.0 = Debug|Any CPU
		{22CB202D-5254-48C8-B58B-14E0BF0CF496}.Release|Any CPU.ActiveCfg = Release|Any CPU
		{22CB202D-5254-48C8-B58B-14E0BF0CF496}.Release|Any CPU.Build.0 = Release|Any CPU
	EndGlobalSection
	GlobalSection(SolutionProperties) = preSolution
		HideSolutionNode = FALSE
	EndGlobalSection
	GlobalSection(ExtensibilityGlobals) = postSolution
		SolutionGuid = {0DBF797B-3EB5-436D-BF8D-C469F6F01B8C}
	EndGlobalSection
EndGlobal
